
Microsoft Visual Studio Solution File, Format Version 12.00
# Visual Studio 2013
VisualStudioVersion = 12.0.31101.0
MinimumVisualStudioVersion = 10.0.40219.1
Project("{FAE04EC0-301F-11D3-BF4B-00C04F79EFBC}") = "MapperNet", "MapperNet\MapperNet.csproj", "{1FCFB829-FEF6-49BB-935E-1D2D4AC3125F}"
EndProject
Project("{FAE04EC0-301F-11D3-BF4B-00C04F79EFBC}") = "MapperNet.ConsoleApp", "MapperNet.Console\MapperNet.ConsoleApp.csproj", "{B40C917C-9272-4521-8D47-70F880D85E6F}"
EndProject
Project("{FAE04EC0-301F-11D3-BF4B-00C04F79EFBC}") = "MapperNet.WebDemo", "MapperNet.WebDemo\MapperNet.WebDemo.csproj", "{E03BFCE0-FB26-4539-AAFC-E5F800E88186}"
EndProject
Project("{2150E333-8FDC-42A3-9474-1A3956D46DE8}") = ".nuget", ".nuget", "{A3161614-329A-4700-AF0A-32C51BE3F582}"
	ProjectSection(SolutionItems) = preProject
		.nuget\NuGet.Config = .nuget\NuGet.Config
		.nuget\NuGet.exe = .nuget\NuGet.exe
		.nuget\NuGet.targets = .nuget\NuGet.targets
	EndProjectSection
EndProject
Global
	GlobalSection(SolutionConfigurationPlatforms) = preSolution
		Debug|Any CPU = Debug|Any CPU
		Release|Any CPU = Release|Any CPU
	EndGlobalSection
	GlobalSection(ProjectConfigurationPlatforms) = postSolution
		{1FCFB829-FEF6-49BB-935E-1D2D4AC3125F}.Debug|Any CPU.ActiveCfg = Debug|Any CPU
		{1FCFB829-FEF6-49BB-935E-1D2D4AC3125F}.Debug|Any CPU.Build.0 = Debug|Any CPU
		{1FCFB829-FEF6-49BB-935E-1D2D4AC3125F}.Release|Any CPU.ActiveCfg = Release|Any CPU
		{1FCFB829-FEF6-49BB-935E-1D2D4AC3125F}.Release|Any CPU.Build.0 = Release|Any CPU
		{B40C917C-9272-4521-8D47-70F880D85E6F}.Debug|Any CPU.ActiveCfg = Debug|Any CPU
		{B40C917C-9272-4521-8D47-70F880D85E6F}.Debug|Any CPU.Build.0 = Debug|Any CPU
		{B40C917C-9272-4521-8D47-70F880D85E6F}.Release|Any CPU.ActiveCfg = Release|Any CPU
		{B40C917C-9272-4521-8D47-70F880D85E6F}.Release|Any CPU.Build.0 = Release|Any CPU
		{E03BFCE0-FB26-4539-AAFC-E5F800E88186}.Debug|Any CPU.ActiveCfg = Debug|Any CPU
		{E03BFCE0-FB26-4539-AAFC-E5F800E88186}.Debug|Any CPU.Build.0 = Debug|Any CPU
		{E03BFCE0-FB26-4539-AAFC-E5F800E88186}.Release|Any CPU.ActiveCfg = Release|Any CPU
		{E03BFCE0-FB26-4539-AAFC-E5F800E88186}.Release|Any CPU.Build.0 = Release|Any CPU
	EndGlobalSection
	GlobalSection(SolutionProperties) = preSolution
		HideSolutionNode = FALSE
	EndGlobalSection
EndGlobal
